schema: '2.0'
stages:
  prepare_data_shallow:
    cmd: python -m pipeline_shallow.stage_prepare_data
    deps:
    - path: data/child-mind-institute-problematic-internet-use/series_test.parquet
      md5: 98b2973ccf5c9bc392d7de70c1023d87.dir
      size: 8320687
      nfiles: 2
    - path: data/child-mind-institute-problematic-internet-use/series_train.parquet
      md5: 1820011feb4acdd32266d42bb858d10e.dir
      size: 6719319552
      nfiles: 996
    - path: data/child-mind-institute-problematic-internet-use/test.csv
      md5: 6a2bd051fcd069d7e28a81a897f75791
      size: 4371
    - path: data/child-mind-institute-problematic-internet-use/train.csv
      md5: 996a87ff7a94b6935325f2d3b1d687bb
      size: 944749
    - path: pipeline_shallow/stage_prepare_data.py
      md5: 7a8e3d6777c7a394bfdf26401cbb936b
      size: 3319
    params:
      params.yaml:
        prepare_data.var_target: sii
        prepare_data.vars_cat:
        - Basic_Demos-Enroll_Season
        - CGAS-Season
        - Physical-Season
        - Fitness_Endurance-Season
        - FGC-Season
        - BIA-Season
        - PAQ_A-Season
        - PAQ_C-Season
        - SDS-Season
        - PreInt_EduHx-Season
        prepare_data.vars_num:
        - Basic_Demos-Age
        - Basic_Demos-Sex
        - CGAS-CGAS_Score
        - Physical-BMI
        - Physical-Height
        - Physical-Weight
        - Physical-Waist_Circumference
        - Physical-Diastolic_BP
        - Physical-HeartRate
        - Physical-Systolic_BP
        - Fitness_Endurance-Max_Stage
        - Fitness_Endurance-Time_Mins
        - Fitness_Endurance-Time_Sec
        - FGC-FGC_CU
        - FGC-FGC_CU_Zone
        - FGC-FGC_GSND
        - FGC-FGC_GSND_Zone
        - FGC-FGC_GSD
        - FGC-FGC_GSD_Zone
        - FGC-FGC_PU
        - FGC-FGC_PU_Zone
        - FGC-FGC_SRL
        - FGC-FGC_SRL_Zone
        - FGC-FGC_SRR
        - FGC-FGC_SRR_Zone
        - FGC-FGC_TL
        - FGC-FGC_TL_Zone
        - BIA-BIA_Activity_Level_num
        - BIA-BIA_BMC
        - BIA-BIA_BMI
        - BIA-BIA_BMR
        - BIA-BIA_DEE
        - BIA-BIA_ECW
        - BIA-BIA_FFM
        - BIA-BIA_FFMI
        - BIA-BIA_FMI
        - BIA-BIA_Fat
        - BIA-BIA_Frame_num
        - BIA-BIA_ICW
        - BIA-BIA_LDM
        - BIA-BIA_LST
        - BIA-BIA_SMM
        - BIA-BIA_TBW
        - PAQ_A-PAQ_A_Total
        - PAQ_C-PAQ_C_Total
        - SDS-SDS_Total_Raw
        - SDS-SDS_Total_T
        - PreInt_EduHx-computerinternet_hoursday
    outs:
    - path: output/test_processed.csv
      md5: 42c6631929c86726a1e794ee6a8617c0
      size: 15893
    - path: output/train_processed.csv
      md5: e19b0846283dd5d8529692ce1bb5794f
      size: 2503546
  train_shallow:
    cmd: python -m pipeline_shallow.stage_train
    deps:
    - path: output/test_processed.csv
      md5: 42c6631929c86726a1e794ee6a8617c0
      size: 15893
    - path: output/train_processed.csv
      md5: e19b0846283dd5d8529692ce1bb5794f
      size: 2503546
    - path: pipeline_shallow/stage_train.py
      md5: 6286a667e8d82ee21e0ba8b163d72352
      size: 3414
    params:
      params.yaml:
        prepare_data.var_target: sii
        prepare_data.vars_cat:
        - Basic_Demos-Enroll_Season
        - CGAS-Season
        - Physical-Season
        - Fitness_Endurance-Season
        - FGC-Season
        - BIA-Season
        - PAQ_A-Season
        - PAQ_C-Season
        - SDS-Season
        - PreInt_EduHx-Season
        prepare_data.vars_num:
        - Basic_Demos-Age
        - Basic_Demos-Sex
        - CGAS-CGAS_Score
        - Physical-BMI
        - Physical-Height
        - Physical-Weight
        - Physical-Waist_Circumference
        - Physical-Diastolic_BP
        - Physical-HeartRate
        - Physical-Systolic_BP
        - Fitness_Endurance-Max_Stage
        - Fitness_Endurance-Time_Mins
        - Fitness_Endurance-Time_Sec
        - FGC-FGC_CU
        - FGC-FGC_CU_Zone
        - FGC-FGC_GSND
        - FGC-FGC_GSND_Zone
        - FGC-FGC_GSD
        - FGC-FGC_GSD_Zone
        - FGC-FGC_PU
        - FGC-FGC_PU_Zone
        - FGC-FGC_SRL
        - FGC-FGC_SRL_Zone
        - FGC-FGC_SRR
        - FGC-FGC_SRR_Zone
        - FGC-FGC_TL
        - FGC-FGC_TL_Zone
        - BIA-BIA_Activity_Level_num
        - BIA-BIA_BMC
        - BIA-BIA_BMI
        - BIA-BIA_BMR
        - BIA-BIA_DEE
        - BIA-BIA_ECW
        - BIA-BIA_FFM
        - BIA-BIA_FFMI
        - BIA-BIA_FMI
        - BIA-BIA_Fat
        - BIA-BIA_Frame_num
        - BIA-BIA_ICW
        - BIA-BIA_LDM
        - BIA-BIA_LST
        - BIA-BIA_SMM
        - BIA-BIA_TBW
        - PAQ_A-PAQ_A_Total
        - PAQ_C-PAQ_C_Total
        - SDS-SDS_Total_Raw
        - SDS-SDS_Total_T
        - PreInt_EduHx-computerinternet_hoursday
    outs:
    - path: output/submission.csv
      md5: cdf5c9a13dd4310bb031c6fb63bc24cc
      size: 225
  prepare_data_deep:
    cmd: python -m pipeline_deep.stage_write_tfrecords
    deps:
    - path: data/child-mind-institute-problematic-internet-use/series_test.parquet
      md5: 98b2973ccf5c9bc392d7de70c1023d87.dir
      size: 8320687
      nfiles: 2
    - path: data/child-mind-institute-problematic-internet-use/series_train.parquet
      md5: 1820011feb4acdd32266d42bb858d10e.dir
      size: 6719319552
      nfiles: 996
    - path: data/child-mind-institute-problematic-internet-use/test.csv
      md5: 6a2bd051fcd069d7e28a81a897f75791
      size: 4371
    - path: data/child-mind-institute-problematic-internet-use/train.csv
      md5: 996a87ff7a94b6935325f2d3b1d687bb
      size: 944749
    - path: pipeline_deep/data_preparation/tfrecord_manager.py
      md5: a471ce367ddb40e2aa22047727506286
      size: 5493
    - path: pipeline_deep/data_preparation/tfrecord_manager_child_mind.py
      md5: eb157a33854f02ffb077943a582220fd
      size: 3778
    - path: pipeline_deep/stage_write_tfrecords.py
      md5: 5e664908fc5dc168c261a95512312b70
      size: 295
    outs:
    - path: output/tfrecords/
      md5: 0d1b4e335fc264fb63a8482e02c42a5f.dir
      size: 5767020
      nfiles: 398
  train_deep:
    cmd: python -m pipeline_deep.stage_train
    deps:
    - path: output/tfrecords/
      md5: 0d1b4e335fc264fb63a8482e02c42a5f.dir
      size: 5767020
      nfiles: 398
    - path: pipeline_deep/stage_train.py
      md5: dfa0b1b61ae81e27952a3bb53e9a1839
      size: 3899
